// !$*UTF8*$!
{
	archiveVersion = 1;
	classes = {
	};
	objectVersion = 51;
	objects = {

/* Begin PBXBuildFile section */
		0ABDBB599A5179BFD83EF336 /* Pods_TinderLBTA.framework in Frameworks */ = {isa = PBXBuildFile; fileRef = 28CC9B84054DC8E22B532041 /* Pods_TinderLBTA.framework */; };
		B726B4F724DAFDDF00BEDEF3 /* CardView.swift in Sources */ = {isa = PBXBuildFile; fileRef = B726B4F624DAFDDF00BEDEF3 /* CardView.swift */; };
		B73E07C524DC506800692543 /* User.swift in Sources */ = {isa = PBXBuildFile; fileRef = B73E07C424DC506800692543 /* User.swift */; };
		B73E07C824DC6EA000692543 /* CardViewModel.swift in Sources */ = {isa = PBXBuildFile; fileRef = B73E07C724DC6EA000692543 /* CardViewModel.swift */; };
		B746F09A24EAB0FA000F3F97 /* RegistrationViewModel.swift in Sources */ = {isa = PBXBuildFile; fileRef = B746F09924EAB0FA000F3F97 /* RegistrationViewModel.swift */; };
		B746F09C24EAC028000F3F97 /* GoogleService-Info.plist in Resources */ = {isa = PBXBuildFile; fileRef = B746F09B24EAC028000F3F97 /* GoogleService-Info.plist */; };
		B746F09E24EAD465000F3F97 /* Bindable.swift in Sources */ = {isa = PBXBuildFile; fileRef = B746F09D24EAD465000F3F97 /* Bindable.swift */; };
		B794338B24E1B92300112617 /* RegistrationController.swift in Sources */ = {isa = PBXBuildFile; fileRef = B794338A24E1B92300112617 /* RegistrationController.swift */; };
		B794338D24E1B96700112617 /* CustomTextField.swift in Sources */ = {isa = PBXBuildFile; fileRef = B794338C24E1B96700112617 /* CustomTextField.swift */; };
		B79B1BDF24DDAE4E00E1BEEE /* Advertiser.swift in Sources */ = {isa = PBXBuildFile; fileRef = B79B1BDE24DDAE4E00E1BEEE /* Advertiser.swift */; };
		B7F656F724D9AA8F00694B5F /* AppDelegate.swift in Sources */ = {isa = PBXBuildFile; fileRef = B7F656F624D9AA8F00694B5F /* AppDelegate.swift */; };
		B7F656F924D9AA8F00694B5F /* SceneDelegate.swift in Sources */ = {isa = PBXBuildFile; fileRef = B7F656F824D9AA8F00694B5F /* SceneDelegate.swift */; };
		B7F656FB24D9AA8F00694B5F /* HomeController.swift in Sources */ = {isa = PBXBuildFile; fileRef = B7F656FA24D9AA8F00694B5F /* HomeController.swift */; };
		B7F656FE24D9AA8F00694B5F /* Main.storyboard in Resources */ = {isa = PBXBuildFile; fileRef = B7F656FC24D9AA8F00694B5F /* Main.storyboard */; };
		B7F6570024D9AA9000694B5F /* Assets.xcassets in Resources */ = {isa = PBXBuildFile; fileRef = B7F656FF24D9AA9000694B5F /* Assets.xcassets */; };
		B7F6570324D9AA9000694B5F /* LaunchScreen.storyboard in Resources */ = {isa = PBXBuildFile; fileRef = B7F6570124D9AA9000694B5F /* LaunchScreen.storyboard */; };
		B7F6570C24D9AB8E00694B5F /* Extensions+UIView.swift in Sources */ = {isa = PBXBuildFile; fileRef = B7F6570B24D9AB8E00694B5F /* Extensions+UIView.swift */; };
		B7F6570F24D9BC5800694B5F /* HomeBottomControlsStackView.swift in Sources */ = {isa = PBXBuildFile; fileRef = B7F6570E24D9BC5800694B5F /* HomeBottomControlsStackView.swift */; };
		B7F6571124D9BF7200694B5F /* TopNavigationStackView.swift in Sources */ = {isa = PBXBuildFile; fileRef = B7F6571024D9BF7200694B5F /* TopNavigationStackView.swift */; };
/* End PBXBuildFile section */

/* Begin PBXFileReference section */
		102BBB6E63DA8A5DA20D95B4 /* Pods-TinderLBTA.release.xcconfig */ = {isa = PBXFileReference; includeInIndex = 1; lastKnownFileType = text.xcconfig; name = "Pods-TinderLBTA.release.xcconfig"; path = "Target Support Files/Pods-TinderLBTA/Pods-TinderLBTA.release.xcconfig"; sourceTree = "<group>"; };
		28CC9B84054DC8E22B532041 /* Pods_TinderLBTA.framework */ = {isa = PBXFileReference; explicitFileType = wrapper.framework; includeInIndex = 0; path = Pods_TinderLBTA.framework; sourceTree = BUILT_PRODUCTS_DIR; };
		96E45484E627A7C60B503BB7 /* Pods-TinderLBTA.debug.xcconfig */ = {isa = PBXFileReference; includeInIndex = 1; lastKnownFileType = text.xcconfig; name = "Pods-TinderLBTA.debug.xcconfig"; path = "Target Support Files/Pods-TinderLBTA/Pods-TinderLBTA.debug.xcconfig"; sourceTree = "<group>"; };
		B726B4F624DAFDDF00BEDEF3 /* CardView.swift */ = {isa = PBXFileReference; lastKnownFileType = sourcecode.swift; path = CardView.swift; sourceTree = "<group>"; };
		B73E07C424DC506800692543 /* User.swift */ = {isa = PBXFileReference; lastKnownFileType = sourcecode.swift; path = User.swift; sourceTree = "<group>"; };
		B73E07C724DC6EA000692543 /* CardViewModel.swift */ = {isa = PBXFileReference; lastKnownFileType = sourcecode.swift; path = CardViewModel.swift; sourceTree = "<group>"; };
		B746F09924EAB0FA000F3F97 /* RegistrationViewModel.swift */ = {isa = PBXFileReference; lastKnownFileType = sourcecode.swift; path = RegistrationViewModel.swift; sourceTree = "<group>"; };
		B746F09B24EAC028000F3F97 /* GoogleService-Info.plist */ = {isa = PBXFileReference; fileEncoding = 4; lastKnownFileType = text.plist.xml; path = "GoogleService-Info.plist"; sourceTree = "<group>"; };
		B746F09D24EAD465000F3F97 /* Bindable.swift */ = {isa = PBXFileReference; fileEncoding = 4; lastKnownFileType = sourcecode.swift; path = Bindable.swift; sourceTree = "<group>"; };
		B794338A24E1B92300112617 /* RegistrationController.swift */ = {isa = PBXFileReference; lastKnownFileType = sourcecode.swift; path = RegistrationController.swift; sourceTree = "<group>"; };
		B794338C24E1B96700112617 /* CustomTextField.swift */ = {isa = PBXFileReference; lastKnownFileType = sourcecode.swift; path = CustomTextField.swift; sourceTree = "<group>"; };
		B79B1BDE24DDAE4E00E1BEEE /* Advertiser.swift */ = {isa = PBXFileReference; lastKnownFileType = sourcecode.swift; path = Advertiser.swift; sourceTree = "<group>"; };
		B7F656F324D9AA8F00694B5F /* TinderLBTA.app */ = {isa = PBXFileReference; explicitFileType = wrapper.application; includeInIndex = 0; path = TinderLBTA.app; sourceTree = BUILT_PRODUCTS_DIR; };
		B7F656F624D9AA8F00694B5F /* AppDelegate.swift */ = {isa = PBXFileReference; lastKnownFileType = sourcecode.swift; path = AppDelegate.swift; sourceTree = "<group>"; };
		B7F656F824D9AA8F00694B5F /* SceneDelegate.swift */ = {isa = PBXFileReference; lastKnownFileType = sourcecode.swift; path = SceneDelegate.swift; sourceTree = "<group>"; };
		B7F656FA24D9AA8F00694B5F /* HomeController.swift */ = {isa = PBXFileReference; lastKnownFileType = sourcecode.swift; path = HomeController.swift; sourceTree = "<group>"; };
		B7F656FD24D9AA8F00694B5F /* Base */ = {isa = PBXFileReference; lastKnownFileType = file.storyboard; name = Base; path = Base.lproj/Main.storyboard; sourceTree = "<group>"; };
		B7F656FF24D9AA9000694B5F /* Assets.xcassets */ = {isa = PBXFileReference; lastKnownFileType = folder.assetcatalog; path = Assets.xcassets; sourceTree = "<group>"; };
		B7F6570224D9AA9000694B5F /* Base */ = {isa = PBXFileReference; lastKnownFileType = file.storyboard; name = Base; path = Base.lproj/LaunchScreen.storyboard; sourceTree = "<group>"; };
		B7F6570424D9AA9000694B5F /* Info.plist */ = {isa = PBXFileReference; lastKnownFileType = text.plist.xml; path = Info.plist; sourceTree = "<group>"; };
		B7F6570B24D9AB8E00694B5F /* Extensions+UIView.swift */ = {isa = PBXFileReference; fileEncoding = 4; lastKnownFileType = sourcecode.swift; path = "Extensions+UIView.swift"; sourceTree = "<group>"; };
		B7F6570E24D9BC5800694B5F /* HomeBottomControlsStackView.swift */ = {isa = PBXFileReference; lastKnownFileType = sourcecode.swift; path = HomeBottomControlsStackView.swift; sourceTree = "<group>"; };
		B7F6571024D9BF7200694B5F /* TopNavigationStackView.swift */ = {isa = PBXFileReference; lastKnownFileType = sourcecode.swift; path = TopNavigationStackView.swift; sourceTree = "<group>"; };
/* End PBXFileReference section */

/* Begin PBXFrameworksBuildPhase section */
		B7F656F024D9AA8F00694B5F /* Frameworks */ = {
			isa = PBXFrameworksBuildPhase;
			buildActionMask = 2147483647;
			files = (
				0ABDBB599A5179BFD83EF336 /* Pods_TinderLBTA.framework in Frameworks */,
			);
			runOnlyForDeploymentPostprocessing = 0;
		};
/* End PBXFrameworksBuildPhase section */

/* Begin PBXGroup section */
		1F99C7309077841549E49558 /* Frameworks */ = {
			isa = PBXGroup;
			children = (
				28CC9B84054DC8E22B532041 /* Pods_TinderLBTA.framework */,
			);
			name = Frameworks;
			sourceTree = "<group>";
		};
		B73E07C324DC505300692543 /* Model */ = {
			isa = PBXGroup;
			children = (
				B73E07C424DC506800692543 /* User.swift */,
				B79B1BDE24DDAE4E00E1BEEE /* Advertiser.swift */,
			);
			path = Model;
			sourceTree = "<group>";
		};
		B73E07C624DC6E8400692543 /* ViewModels */ = {
			isa = PBXGroup;
			children = (
				B73E07C724DC6EA000692543 /* CardViewModel.swift */,
			);
			path = ViewModels;
			sourceTree = "<group>";
		};
		B73E07C924DC6EC700692543 /* Controllers */ = {
			isa = PBXGroup;
			children = (
				B7F656FA24D9AA8F00694B5F /* HomeController.swift */,
				B794338A24E1B92300112617 /* RegistrationController.swift */,
				B746F09924EAB0FA000F3F97 /* RegistrationViewModel.swift */,
				B746F09D24EAD465000F3F97 /* Bindable.swift */,
			);
			path = Controllers;
			sourceTree = "<group>";
		};
		B7F656EA24D9AA8F00694B5F = {
			isa = PBXGroup;
			children = (
				B7F656F524D9AA8F00694B5F /* TinderLBTA */,
				B7F656F424D9AA8F00694B5F /* Products */,
				E7E396F48F5D5090F05A0D14 /* Pods */,
				1F99C7309077841549E49558 /* Frameworks */,
			);
			sourceTree = "<group>";
		};
		B7F656F424D9AA8F00694B5F /* Products */ = {
			isa = PBXGroup;
			children = (
				B7F656F324D9AA8F00694B5F /* TinderLBTA.app */,
			);
			name = Products;
			sourceTree = "<group>";
		};
		B7F656F524D9AA8F00694B5F /* TinderLBTA */ = {
			isa = PBXGroup;
			children = (
				B73E07C624DC6E8400692543 /* ViewModels */,
				B73E07C324DC505300692543 /* Model */,
				B7F6570D24D9BC1D00694B5F /* Views */,
				B73E07C924DC6EC700692543 /* Controllers */,
				B7F6570A24D9AB7D00694B5F /* Extensions */,
				B7F656F624D9AA8F00694B5F /* AppDelegate.swift */,
				B7F656F824D9AA8F00694B5F /* SceneDelegate.swift */,
				B7F656FC24D9AA8F00694B5F /* Main.storyboard */,
				B7F656FF24D9AA9000694B5F /* Assets.xcassets */,
				B7F6570124D9AA9000694B5F /* LaunchScreen.storyboard */,
				B7F6570424D9AA9000694B5F /* Info.plist */,
				B746F09B24EAC028000F3F97 /* GoogleService-Info.plist */,
			);
			path = TinderLBTA;
			sourceTree = "<group>";
		};
		B7F6570A24D9AB7D00694B5F /* Extensions */ = {
			isa = PBXGroup;
			children = (
				B7F6570B24D9AB8E00694B5F /* Extensions+UIView.swift */,
			);
			path = Extensions;
			sourceTree = "<group>";
		};
		B7F6570D24D9BC1D00694B5F /* Views */ = {
			isa = PBXGroup;
			children = (
				B7F6570E24D9BC5800694B5F /* HomeBottomControlsStackView.swift */,
				B7F6571024D9BF7200694B5F /* TopNavigationStackView.swift */,
				B726B4F624DAFDDF00BEDEF3 /* CardView.swift */,
				B794338C24E1B96700112617 /* CustomTextField.swift */,
			);
			path = Views;
			sourceTree = "<group>";
		};
		E7E396F48F5D5090F05A0D14 /* Pods */ = {
			isa = PBXGroup;
			children = (
				96E45484E627A7C60B503BB7 /* Pods-TinderLBTA.debug.xcconfig */,
				102BBB6E63DA8A5DA20D95B4 /* Pods-TinderLBTA.release.xcconfig */,
			);
			path = Pods;
			sourceTree = "<group>";
		};
/* End PBXGroup section */

/* Begin PBXNativeTarget section */
		B7F656F224D9AA8F00694B5F /* TinderLBTA */ = {
			isa = PBXNativeTarget;
			buildConfigurationList = B7F6570724D9AA9000694B5F /* Build configuration list for PBXNativeTarget "TinderLBTA" */;
			buildPhases = (
				C6BC9DEA82D369D5ED4FFDCC /* [CP] Check Pods Manifest.lock */,
				B7F656EF24D9AA8F00694B5F /* Sources */,
				B7F656F024D9AA8F00694B5F /* Frameworks */,
				B7F656F124D9AA8F00694B5F /* Resources */,
				51C0E0F2B1BEE59B2498BD85 /* [CP] Embed Pods Frameworks */,
			);
			buildRules = (
			);
			dependencies = (
			);
			name = TinderLBTA;
			productName = TinderLBTA;
			productReference = B7F656F324D9AA8F00694B5F /* TinderLBTA.app */;
			productType = "com.apple.product-type.application";
		};
/* End PBXNativeTarget section */

/* Begin PBXProject section */
		B7F656EB24D9AA8F00694B5F /* Project object */ = {
			isa = PBXProject;
			attributes = {
				LastSwiftUpdateCheck = 1160;
				LastUpgradeCheck = 1160;
				ORGANIZATIONNAME = "Rodrigo Lemos";
				TargetAttributes = {
					B7F656F224D9AA8F00694B5F = {
						CreatedOnToolsVersion = 11.6;
					};
				};
			};
			buildConfigurationList = B7F656EE24D9AA8F00694B5F /* Build configuration list for PBXProject "TinderLBTA" */;
			compatibilityVersion = "Xcode 9.3";
			developmentRegion = en;
			hasScannedForEncodings = 0;
			knownRegions = (
				en,
				Base,
			);
			mainGroup = B7F656EA24D9AA8F00694B5F;
			productRefGroup = B7F656F424D9AA8F00694B5F /* Products */;
			projectDirPath = "";
			projectRoot = "";
			targets = (
				B7F656F224D9AA8F00694B5F /* TinderLBTA */,
			);
		};
/* End PBXProject section */

/* Begin PBXResourcesBuildPhase section */
		B7F656F124D9AA8F00694B5F /* Resources */ = {
			isa = PBXResourcesBuildPhase;
			buildActionMask = 2147483647;
			files = (
				B7F6570324D9AA9000694B5F /* LaunchScreen.storyboard in Resources */,
				B7F6570024D9AA9000694B5F /* Assets.xcassets in Resources */,
				B746F09C24EAC028000F3F97 /* GoogleService-Info.plist in Resources */,
				B7F656FE24D9AA8F00694B5F /* Main.storyboard in Resources */,
			);
			runOnlyForDeploymentPostprocessing = 0;
		};
/* End PBXResourcesBuildPhase section */

/* Begin PBXShellScriptBuildPhase section */
		51C0E0F2B1BEE59B2498BD85 /* [CP] Embed Pods Frameworks */ = {
			isa = PBXShellScriptBuildPhase;
			buildActionMask = 2147483647;
			files = (
			);
			inputFileListPaths = (
				"${PODS_ROOT}/Target Support Files/Pods-TinderLBTA/Pods-TinderLBTA-frameworks-${CONFIGURATION}-input-files.xcfilelist",
			);
			name = "[CP] Embed Pods Frameworks";
			outputFileListPaths = (
				"${PODS_ROOT}/Target Support Files/Pods-TinderLBTA/Pods-TinderLBTA-frameworks-${CONFIGURATION}-output-files.xcfilelist",
			);
			runOnlyForDeploymentPostprocessing = 0;
			shellPath = /bin/sh;
			shellScript = "\"${PODS_ROOT}/Target Support Files/Pods-TinderLBTA/Pods-TinderLBTA-frameworks.sh\"\n";
			showEnvVarsInLog = 0;
		};
		C6BC9DEA82D369D5ED4FFDCC /* [CP] Check Pods Manifest.lock */ = {
			isa = PBXShellScriptBuildPhase;
			buildActionMask = 2147483647;
			files = (
			);
			inputFileListPaths = (
			);
			inputPaths = (
				"${PODS_PODFILE_DIR_PATH}/Podfile.lock",
				"${PODS_ROOT}/Manifest.lock",
			);
			name = "[CP] Check Pods Manifest.lock";
			outputFileListPaths = (
			);
			outputPaths = (
				"$(DERIVED_FILE_DIR)/Pods-TinderLBTA-checkManifestLockResult.txt",
			);
			runOnlyForDeploymentPostprocessing = 0;
			shellPath = /bin/sh;
			shellScript = "diff \"${PODS_PODFILE_DIR_PATH}/Podfile.lock\" \"${PODS_ROOT}/Manifest.lock\" > /dev/null\nif [ $? != 0 ] ; then\n    # print error to STDERR\n    echo \"error: The sandbox is not in sync with the Podfile.lock. Run 'pod install' or update your CocoaPods installation.\" >&2\n    exit 1\nfi\n# This output is used by Xcode 'outputs' to avoid re-running this script phase.\necho \"SUCCESS\" > \"${SCRIPT_OUTPUT_FILE_0}\"\n";
			showEnvVarsInLog = 0;
		};
/* End PBXShellScriptBuildPhase section */

/* Begin PBXSourcesBuildPhase section */
		B7F656EF24D9AA8F00694B5F /* Sources */ = {
			isa = PBXSourcesBuildPhase;
			buildActionMask = 2147483647;
			files = (
				B79B1BDF24DDAE4E00E1BEEE /* Advertiser.swift in Sources */,
				B726B4F724DAFDDF00BEDEF3 /* CardView.swift in Sources */,
				B7F656FB24D9AA8F00694B5F /* HomeController.swift in Sources */,
				B7F656F724D9AA8F00694B5F /* AppDelegate.swift in Sources */,
				B7F6570F24D9BC5800694B5F /* HomeBottomControlsStackView.swift in Sources */,
				B73E07C524DC506800692543 /* User.swift in Sources */,
				B794338B24E1B92300112617 /* RegistrationController.swift in Sources */,
				B7F6571124D9BF7200694B5F /* TopNavigationStackView.swift in Sources */,
				B746F09E24EAD465000F3F97 /* Bindable.swift in Sources */,
				B794338D24E1B96700112617 /* CustomTextField.swift in Sources */,
				B746F09A24EAB0FA000F3F97 /* RegistrationViewModel.swift in Sources */,
				B7F6570C24D9AB8E00694B5F /* Extensions+UIView.swift in Sources */,
				B7F656F924D9AA8F00694B5F /* SceneDelegate.swift in Sources */,
				B73E07C824DC6EA000692543 /* CardViewModel.swift in Sources */,
			);
			runOnlyForDeploymentPostprocessing = 0;
		};
/* End PBXSourcesBuildPhase section */

/* Begin PBXVariantGroup section */
		B7F656FC24D9AA8F00694B5F /* Main.storyboard */ = {
			isa = PBXVariantGroup;
			children = (
				B7F656FD24D9AA8F00694B5F /* Base */,
			);
			name = Main.storyboard;
			sourceTree = "<group>";
		};
		B7F6570124D9AA9000694B5F /* LaunchScreen.storyboard */ = {
			isa = PBXVariantGroup;
			children = (
				B7F6570224D9AA9000694B5F /* Base */,
			);
			name = LaunchScreen.storyboard;
			sourceTree = "<group>";
		};
/* End PBXVariantGroup section */

/* Begin XCBuildConfiguration section */
		B7F6570524D9AA9000694B5F /* Debug */ = {
			isa = XCBuildConfiguration;
			buildSettings = {
				ALWAYS_SEARCH_USER_PATHS = NO;
				CLANG_ANALYZER_NONNULL = YES;
				CLANG_ANALYZER_NUMBER_OBJECT_CONVERSION = YES_AGGRESSIVE;
				CLANG_CXX_LANGUAGE_STANDARD = "gnu++14";
				CLANG_CXX_LIBRARY = "libc++";
				CLANG_ENABLE_MODULES = YES;
				CLANG_ENABLE_OBJC_ARC = YES;
				CLANG_ENABLE_OBJC_WEAK = YES;
				CLANG_WARN_BLOCK_CAPTURE_AUTORELEASING = YES;
				CLANG_WARN_BOOL_CONVERSION = YES;
				CLANG_WARN_COMMA = YES;
				CLANG_WARN_CONSTANT_CONVERSION = YES;
				CLANG_WARN_DEPRECATED_OBJC_IMPLEMENTATIONS = YES;
				CLANG_WARN_DIRECT_OBJC_ISA_USAGE = YES_ERROR;
				CLANG_WARN_DOCUMENTATION_COMMENTS = YES;
				CLANG_WARN_EMPTY_BODY = YES;
				CLANG_WARN_ENUM_CONVERSION = YES;
				CLANG_WARN_INFINITE_RECURSION = YES;
				CLANG_WARN_INT_CONVERSION = YES;
				CLANG_WARN_NON_LITERAL_NULL_CONVERSION = YES;
				CLANG_WARN_OBJC_IMPLICIT_RETAIN_SELF = YES;
				CLANG_WARN_OBJC_LITERAL_CONVERSION = YES;
				CLANG_WARN_OBJC_ROOT_CLASS = YES_ERROR;
				CLANG_WARN_RANGE_LOOP_ANALYSIS = YES;
				CLANG_WARN_STRICT_PROTOTYPES = YES;
				CLANG_WARN_SUSPICIOUS_MOVE = YES;
				CLANG_WARN_UNGUARDED_AVAILABILITY = YES_AGGRESSIVE;
				CLANG_WARN_UNREACHABLE_CODE = YES;
				CLANG_WARN__DUPLICATE_METHOD_MATCH = YES;
				COPY_PHASE_STRIP = NO;
				DEBUG_INFORMATION_FORMAT = dwarf;
				ENABLE_STRICT_OBJC_MSGSEND = YES;
				ENABLE_TESTABILITY = YES;
				GCC_C_LANGUAGE_STANDARD = gnu11;
				GCC_DYNAMIC_NO_PIC = NO;
				GCC_NO_COMMON_BLOCKS = YES;
				GCC_OPTIMIZATION_LEVEL = 0;
				GCC_PREPROCESSOR_DEFINITIONS = (
					"DEBUG=1",
					"$(inherited)",
				);
				GCC_WARN_64_TO_32_BIT_CONVERSION = YES;
				GCC_WARN_ABOUT_RETURN_TYPE = YES_ERROR;
				GCC_WARN_UNDECLARED_SELECTOR = YES;
				GCC_WARN_UNINITIALIZED_AUTOS = YES_AGGRESSIVE;
				GCC_WARN_UNUSED_FUNCTION = YES;
				GCC_WARN_UNUSED_VARIABLE = YES;
				IPHONEOS_DEPLOYMENT_TARGET = 13.6;
				MTL_ENABLE_DEBUG_INFO = INCLUDE_SOURCE;
				MTL_FAST_MATH = YES;
				ONLY_ACTIVE_ARCH = YES;
				SDKROOT = iphoneos;
				SWIFT_ACTIVE_COMPILATION_CONDITIONS = DEBUG;
				SWIFT_OPTIMIZATION_LEVEL = "-Onone";
			};
			name = Debug;
		};
		B7F6570624D9AA9000694B5F /* Release */ = {
			isa = XCBuildConfiguration;
			buildSettings = {
				ALWAYS_SEARCH_USER_PATHS = NO;
				CLANG_ANALYZER_NONNULL = YES;
				CLANG_ANALYZER_NUMBER_OBJECT_CONVERSION = YES_AGGRESSIVE;
				CLANG_CXX_LANGUAGE_STANDARD = "gnu++14";
				CLANG_CXX_LIBRARY = "libc++";
				CLANG_ENABLE_MODULES = YES;
				CLANG_ENABLE_OBJC_ARC = YES;
				CLANG_ENABLE_OBJC_WEAK = YES;
				CLANG_WARN_BLOCK_CAPTURE_AUTORELEASING = YES;
				CLANG_WARN_BOOL_CONVERSION = YES;
				CLANG_WARN_COMMA = YES;
				CLANG_WARN_CONSTANT_CONVERSION = YES;
				CLANG_WARN_DEPRECATED_OBJC_IMPLEMENTATIONS = YES;
				CLANG_WARN_DIRECT_OBJC_ISA_USAGE = YES_ERROR;
				CLANG_WARN_DOCUMENTATION_COMMENTS = YES;
				CLANG_WARN_EMPTY_BODY = YES;
				CLANG_WARN_ENUM_CONVERSION = YES;
				CLANG_WARN_INFINITE_RECURSION = YES;
				CLANG_WARN_INT_CONVERSION = YES;
				CLANG_WARN_NON_LITERAL_NULL_CONVERSION = YES;
				CLANG_WARN_OBJC_IMPLICIT_RETAIN_SELF = YES;
				CLANG_WARN_OBJC_LITERAL_CONVERSION = YES;
				CLANG_WARN_OBJC_ROOT_CLASS = YES_ERROR;
				CLANG_WARN_RANGE_LOOP_ANALYSIS = YES;
				CLANG_WARN_STRICT_PROTOTYPES = YES;
				CLANG_WARN_SUSPICIOUS_MOVE = YES;
				CLANG_WARN_UNGUARDED_AVAILABILITY = YES_AGGRESSIVE;
				CLANG_WARN_UNREACHABLE_CODE = YES;
				CLANG_WARN__DUPLICATE_METHOD_MATCH = YES;
				COPY_PHASE_STRIP = NO;
				DEBUG_INFORMATION_FORMAT = "dwarf-with-dsym";
				ENABLE_NS_ASSERTIONS = NO;
				ENABLE_STRICT_OBJC_MSGSEND = YES;
				GCC_C_LANGUAGE_STANDARD = gnu11;
				GCC_NO_COMMON_BLOCKS = YES;
				GCC_WARN_64_TO_32_BIT_CONVERSION = YES;
				GCC_WARN_ABOUT_RETURN_TYPE = YES_ERROR;
				GCC_WARN_UNDECLARED_SELECTOR = YES;
				GCC_WARN_UNINITIALIZED_AUTOS = YES_AGGRESSIVE;
				GCC_WARN_UNUSED_FUNCTION = YES;
				GCC_WARN_UNUSED_VARIABLE = YES;
				IPHONEOS_DEPLOYMENT_TARGET = 13.6;
				MTL_ENABLE_DEBUG_INFO = NO;
				MTL_FAST_MATH = YES;
				SDKROOT = iphoneos;
				SWIFT_COMPILATION_MODE = wholemodule;
				SWIFT_OPTIMIZATION_LEVEL = "-O";
				VALIDATE_PRODUCT = YES;
			};
			name = Release;
		};
		B7F6570824D9AA9000694B5F /* Debug */ = {
			isa = XCBuildConfiguration;
			baseConfigurationReference = 96E45484E627A7C60B503BB7 /* Pods-TinderLBTA.debug.xcconfig */;
			buildSettings = {
				ASSETCATALOG_COMPILER_APPICON_NAME = AppIcon;
				CODE_SIGN_STYLE = Automatic;
				DEVELOPMENT_TEAM = 3E9R3592W8;
				INFOPLIST_FILE = TinderLBTA/Info.plist;
				LD_RUNPATH_SEARCH_PATHS = (
					"$(inherited)",
					"@executable_path/Frameworks",
				);
				PRODUCT_BUNDLE_IDENTIFIER = com.rodrigolemos.TinderLBTA;
				PRODUCT_NAME = "$(TARGET_NAME)";
				SWIFT_VERSION = 5.0;
				TARGETED_DEVICE_FAMILY = "1,2";
			};
			name = Debug;
		};
		B7F6570924D9AA9000694B5F /* Release */ = {
			isa = XCBuildConfiguration;
			baseConfigurationReference = 102BBB6E63DA8A5DA20D95B4 /* Pods-TinderLBTA.release.xcconfig */;
			buildSettings = {
				ASSETCATALOG_COMPILER_APPICON_NAME = AppIcon;
				CODE_SIGN_STYLE = Automatic;
				DEVELOPMENT_TEAM = 3E9R3592W8;
				INFOPLIST_FILE = TinderLBTA/Info.plist;
				LD_RUNPATH_SEARCH_PATHS = (
					"$(inherited)",
					"@executable_path/Frameworks",
				);
				PRODUCT_BUNDLE_IDENTIFIER = com.rodrigolemos.TinderLBTA;
				PRODUCT_NAME = "$(TARGET_NAME)";
				SWIFT_VERSION = 5.0;
				TARGETED_DEVICE_FAMILY = "1,2";
			};
			name = Release;
		};
/* End XCBuildConfiguration section */

/* Begin XCConfigurationList section */
		B7F656EE24D9AA8F00694B5F /* Build configuration list for PBXProject "TinderLBTA" */ = {
			isa = XCConfigurationList;
			buildConfigurations = (
				B7F6570524D9AA9000694B5F /* Debug */,
				B7F6570624D9AA9000694B5F /* Release */,
			);
			defaultConfigurationIsVisible = 0;
			defaultConfigurationName = Release;
		};
		B7F6570724D9AA9000694B5F /* Build configuration list for PBXNativeTarget "TinderLBTA" */ = {
			isa = XCConfigurationList;
			buildConfigurations = (
				B7F6570824D9AA9000694B5F /* Debug */,
				B7F6570924D9AA9000694B5F /* Release */,
			);
			defaultConfigurationIsVisible = 0;
			defaultConfigurationName = Release;
		};
/* End XCConfigurationList section */
	};
	rootObject = B7F656EB24D9AA8F00694B5F /* Project object */;
}
