// !$*UTF8*$!
{
	archiveVersion = 1;
	classes = {
	};
	objectVersion = 50;
	objects = {

/* Begin PBXBuildFile section */
		B726B4F724DAFDDF00BEDEF3 /* CardView.swift in Sources */ = {isa = PBXBuildFile; fileRef = B726B4F624DAFDDF00BEDEF3 /* CardView.swift */; };
		B73E07C524DC506800692543 /* User.swift in Sources */ = {isa = PBXBuildFile; fileRef = B73E07C424DC506800692543 /* User.swift */; };
		B7F656F724D9AA8F00694B5F /* AppDelegate.swift in Sources */ = {isa = PBXBuildFile; fileRef = B7F656F624D9AA8F00694B5F /* AppDelegate.swift */; };
		B7F656F924D9AA8F00694B5F /* SceneDelegate.swift in Sources */ = {isa = PBXBuildFile; fileRef = B7F656F824D9AA8F00694B5F /* SceneDelegate.swift */; };
		B7F656FB24D9AA8F00694B5F /* HomeController.swift in Sources */ = {isa = PBXBuildFile; fileRef = B7F656FA24D9AA8F00694B5F /* HomeController.swift */; };
		B7F656FE24D9AA8F00694B5F /* Main.storyboard in Resources */ = {isa = PBXBuildFile; fileRef = B7F656FC24D9AA8F00694B5F /* Main.storyboard */; };
		B7F6570024D9AA9000694B5F /* Assets.xcassets in Resources */ = {isa = PBXBuildFile; fileRef = B7F656FF24D9AA9000694B5F /* Assets.xcassets */; };
		B7F6570324D9AA9000694B5F /* LaunchScreen.storyboard in Resources */ = {isa = PBXBuildFile; fileRef = B7F6570124D9AA9000694B5F /* LaunchScreen.storyboard */; };
		B7F6570C24D9AB8E00694B5F /* Extensions+UIView.swift in Sources */ = {isa = PBXBuildFile; fileRef = B7F6570B24D9AB8E00694B5F /* Extensions+UIView.swift */; };
		B7F6570F24D9BC5800694B5F /* HomeBottomControlsStackView.swift in Sources */ = {isa = PBXBuildFile; fileRef = B7F6570E24D9BC5800694B5F /* HomeBottomControlsStackView.swift */; };
		B7F6571124D9BF7200694B5F /* TopNavigationStackView.swift in Sources */ = {isa = PBXBuildFile; fileRef = B7F6571024D9BF7200694B5F /* TopNavigationStackView.swift */; };
/* End PBXBuildFile section */

/* Begin PBXFileReference section */
		B726B4F624DAFDDF00BEDEF3 /* CardView.swift */ = {isa = PBXFileReference; lastKnownFileType = sourcecode.swift; path = CardView.swift; sourceTree = "<group>"; };
		B73E07C424DC506800692543 /* User.swift */ = {isa = PBXFileReference; lastKnownFileType = sourcecode.swift; path = User.swift; sourceTree = "<group>"; };
		B7F656F324D9AA8F00694B5F /* TinderLBTA.app */ = {isa = PBXFileReference; explicitFileType = wrapper.application; includeInIndex = 0; path = TinderLBTA.app; sourceTree = BUILT_PRODUCTS_DIR; };
		B7F656F624D9AA8F00694B5F /* AppDelegate.swift */ = {isa = PBXFileReference; lastKnownFileType = sourcecode.swift; path = AppDelegate.swift; sourceTree = "<group>"; };
		B7F656F824D9AA8F00694B5F /* SceneDelegate.swift */ = {isa = PBXFileReference; lastKnownFileType = sourcecode.swift; path = SceneDelegate.swift; sourceTree = "<group>"; };
		B7F656FA24D9AA8F00694B5F /* HomeController.swift */ = {isa = PBXFileReference; lastKnownFileType = sourcecode.swift; path = HomeController.swift; sourceTree = "<group>"; };
		B7F656FD24D9AA8F00694B5F /* Base */ = {isa = PBXFileReference; lastKnownFileType = file.storyboard; name = Base; path = Base.lproj/Main.storyboard; sourceTree = "<group>"; };
		B7F656FF24D9AA9000694B5F /* Assets.xcassets */ = {isa = PBXFileReference; lastKnownFileType = folder.assetcatalog; path = Assets.xcassets; sourceTree = "<group>"; };
		B7F6570224D9AA9000694B5F /* Base */ = {isa = PBXFileReference; lastKnownFileType = file.storyboard; name = Base; path = Base.lproj/LaunchScreen.storyboard; sourceTree = "<group>"; };
		B7F6570424D9AA9000694B5F /* Info.plist */ = {isa = PBXFileReference; lastKnownFileType = text.plist.xml; path = Info.plist; sourceTree = "<group>"; };
		B7F6570B24D9AB8E00694B5F /* Extensions+UIView.swift */ = {isa = PBXFileReference; fileEncoding = 4; lastKnownFileType = sourcecode.swift; path = "Extensions+UIView.swift"; sourceTree = "<group>"; };
		B7F6570E24D9BC5800694B5F /* HomeBottomControlsStackView.swift */ = {isa = PBXFileReference; lastKnownFileType = sourcecode.swift; path = HomeBottomControlsStackView.swift; sourceTree = "<group>"; };
		B7F6571024D9BF7200694B5F /* TopNavigationStackView.swift */ = {isa = PBXFileReference; lastKnownFileType = sourcecode.swift; path = TopNavigationStackView.swift; sourceTree = "<group>"; };
/* End PBXFileReference section */

/* Begin PBXFrameworksBuildPhase section */
		B7F656F024D9AA8F00694B5F /* Frameworks */ = {
			isa = PBXFrameworksBuildPhase;
			buildActionMask = 2147483647;
			files = (
			);
			runOnlyForDeploymentPostprocessing = 0;
		};
/* End PBXFrameworksBuildPhase section */

/* Begin PBXGroup section */
		B73E07C324DC505300692543 /* Model */ = {
			isa = PBXGroup;
			children = (
				B73E07C424DC506800692543 /* User.swift */,
			);
			path = Model;
			sourceTree = "<group>";
		};
		B7F656EA24D9AA8F00694B5F = {
			isa = PBXGroup;
			children = (
				B7F656F524D9AA8F00694B5F /* TinderLBTA */,
				B7F656F424D9AA8F00694B5F /* Products */,
			);
			sourceTree = "<group>";
		};
		B7F656F424D9AA8F00694B5F /* Products */ = {
			isa = PBXGroup;
			children = (
				B7F656F324D9AA8F00694B5F /* TinderLBTA.app */,
			);
			name = Products;
			sourceTree = "<group>";
		};
		B7F656F524D9AA8F00694B5F /* TinderLBTA */ = {
			isa = PBXGroup;
			children = (
				B73E07C324DC505300692543 /* Model */,
				B7F6570D24D9BC1D00694B5F /* Views */,
				B7F6570A24D9AB7D00694B5F /* Extensions */,
				B7F656F624D9AA8F00694B5F /* AppDelegate.swift */,
				B7F656F824D9AA8F00694B5F /* SceneDelegate.swift */,
				B7F656FA24D9AA8F00694B5F /* HomeController.swift */,
				B7F656FC24D9AA8F00694B5F /* Main.storyboard */,
				B7F656FF24D9AA9000694B5F /* Assets.xcassets */,
				B7F6570124D9AA9000694B5F /* LaunchScreen.storyboard */,
				B7F6570424D9AA9000694B5F /* Info.plist */,
			);
			path = TinderLBTA;
			sourceTree = "<group>";
		};
		B7F6570A24D9AB7D00694B5F /* Extensions */ = {
			isa = PBXGroup;
			children = (
				B7F6570B24D9AB8E00694B5F /* Extensions+UIView.swift */,
			);
			path = Extensions;
			sourceTree = "<group>";
		};
		B7F6570D24D9BC1D00694B5F /* Views */ = {
			isa = PBXGroup;
			children = (
				B7F6570E24D9BC5800694B5F /* HomeBottomControlsStackView.swift */,
				B7F6571024D9BF7200694B5F /* TopNavigationStackView.swift */,
				B726B4F624DAFDDF00BEDEF3 /* CardView.swift */,
			);
			path = Views;
			sourceTree = "<group>";
		};
/* End PBXGroup section */

/* Begin PBXNativeTarget section */
		B7F656F224D9AA8F00694B5F /* TinderLBTA */ = {
			isa = PBXNativeTarget;
			buildConfigurationList = B7F6570724D9AA9000694B5F /* Build configuration list for PBXNativeTarget "TinderLBTA" */;
			buildPhases = (
				B7F656EF24D9AA8F00694B5F /* Sources */,
				B7F656F024D9AA8F00694B5F /* Frameworks */,
				B7F656F124D9AA8F00694B5F /* Resources */,
			);
			buildRules = (
			);
			dependencies = (
			);
			name = TinderLBTA;
			productName = TinderLBTA;
			productReference = B7F656F324D9AA8F00694B5F /* TinderLBTA.app */;
			productType = "com.apple.product-type.application";
		};
/* End PBXNativeTarget section */

/* Begin PBXProject section */
		B7F656EB24D9AA8F00694B5F /* Project object */ = {
			isa = PBXProject;
			attributes = {
				LastSwiftUpdateCheck = 1160;
				LastUpgradeCheck = 1160;
				ORGANIZATIONNAME = "Rodrigo Lemos";
				TargetAttributes = {
					B7F656F224D9AA8F00694B5F = {
						CreatedOnToolsVersion = 11.6;
					};
				};
			};
			buildConfigurationList = B7F656EE24D9AA8F00694B5F /* Build configuration list for PBXProject "TinderLBTA" */;
			compatibilityVersion = "Xcode 9.3";
			developmentRegion = en;
			hasScannedForEncodings = 0;
			knownRegions = (
				en,
				Base,
			);
			mainGroup = B7F656EA24D9AA8F00694B5F;
			productRefGroup = B7F656F424D9AA8F00694B5F /* Products */;
			projectDirPath = "";
			projectRoot = "";
			targets = (
				B7F656F224D9AA8F00694B5F /* TinderLBTA */,
			);
		};
/* End PBXProject section */

/* Begin PBXResourcesBuildPhase section */
		B7F656F124D9AA8F00694B5F /* Resources */ = {
			isa = PBXResourcesBuildPhase;
			buildActionMask = 2147483647;
			files = (
				B7F6570324D9AA9000694B5F /* LaunchScreen.storyboard in Resources */,
				B7F6570024D9AA9000694B5F /* Assets.xcassets in Resources */,
				B7F656FE24D9AA8F00694B5F /* Main.storyboard in Resources */,
			);
			runOnlyForDeploymentPostprocessing = 0;
		};
/* End PBXResourcesBuildPhase section */

/* Begin PBXSourcesBuildPhase section */
		B7F656EF24D9AA8F00694B5F /* Sources */ = {
			isa = PBXSourcesBuildPhase;
			buildActionMask = 2147483647;
			files = (
				B726B4F724DAFDDF00BEDEF3 /* CardView.swift in Sources */,
				B7F656FB24D9AA8F00694B5F /* HomeController.swift in Sources */,
				B7F656F724D9AA8F00694B5F /* AppDelegate.swift in Sources */,
				B7F6570F24D9BC5800694B5F /* HomeBottomControlsStackView.swift in Sources */,
				B73E07C524DC506800692543 /* User.swift in Sources */,
				B7F6571124D9BF7200694B5F /* TopNavigationStackView.swift in Sources */,
				B7F6570C24D9AB8E00694B5F /* Extensions+UIView.swift in Sources */,
				B7F656F924D9AA8F00694B5F /* SceneDelegate.swift in Sources */,
			);
			runOnlyForDeploymentPostprocessing = 0;
		};
/* End PBXSourcesBuildPhase section */

/* Begin PBXVariantGroup section */
		B7F656FC24D9AA8F00694B5F /* Main.storyboard */ = {
			isa = PBXVariantGroup;
			children = (
				B7F656FD24D9AA8F00694B5F /* Base */,
			);
			name = Main.storyboard;
			sourceTree = "<group>";
		};
		B7F6570124D9AA9000694B5F /* LaunchScreen.storyboard */ = {
			isa = PBXVariantGroup;
			children = (
				B7F6570224D9AA9000694B5F /* Base */,
			);
			name = LaunchScreen.storyboard;
			sourceTree = "<group>";
		};
/* End PBXVariantGroup section */

/* Begin XCBuildConfiguration section */
		B7F6570524D9AA9000694B5F /* Debug */ = {
			isa = XCBuildConfiguration;
			buildSettings = {
				ALWAYS_SEARCH_USER_PATHS = NO;
				CLANG_ANALYZER_NONNULL = YES;
				CLANG_ANALYZER_NUMBER_OBJECT_CONVERSION = YES_AGGRESSIVE;
				CLANG_CXX_LANGUAGE_STANDARD = "gnu++14";
				CLANG_CXX_LIBRARY = "libc++";
				CLANG_ENABLE_MODULES = YES;
				CLANG_ENABLE_OBJC_ARC = YES;
				CLANG_ENABLE_OBJC_WEAK = YES;
				CLANG_WARN_BLOCK_CAPTURE_AUTORELEASING = YES;
				CLANG_WARN_BOOL_CONVERSION = YES;
				CLANG_WARN_COMMA = YES;
				CLANG_WARN_CONSTANT_CONVERSION = YES;
				CLANG_WARN_DEPRECATED_OBJC_IMPLEMENTATIONS = YES;
				CLANG_WARN_DIRECT_OBJC_ISA_USAGE = YES_ERROR;
				CLANG_WARN_DOCUMENTATION_COMMENTS = YES;
				CLANG_WARN_EMPTY_BODY = YES;
				CLANG_WARN_ENUM_CONVERSION = YES;
				CLANG_WARN_INFINITE_RECURSION = YES;
				CLANG_WARN_INT_CONVERSION = YES;
				CLANG_WARN_NON_LITERAL_NULL_CONVERSION = YES;
				CLANG_WARN_OBJC_IMPLICIT_RETAIN_SELF = YES;
				CLANG_WARN_OBJC_LITERAL_CONVERSION = YES;
				CLANG_WARN_OBJC_ROOT_CLASS = YES_ERROR;
				CLANG_WARN_RANGE_LOOP_ANALYSIS = YES;
				CLANG_WARN_STRICT_PROTOTYPES = YES;
				CLANG_WARN_SUSPICIOUS_MOVE = YES;
				CLANG_WARN_UNGUARDED_AVAILABILITY = YES_AGGRESSIVE;
				CLANG_WARN_UNREACHABLE_CODE = YES;
				CLANG_WARN__DUPLICATE_METHOD_MATCH = YES;
				COPY_PHASE_STRIP = NO;
				DEBUG_INFORMATION_FORMAT = dwarf;
				ENABLE_STRICT_OBJC_MSGSEND = YES;
				ENABLE_TESTABILITY = YES;
				GCC_C_LANGUAGE_STANDARD = gnu11;
				GCC_DYNAMIC_NO_PIC = NO;
				GCC_NO_COMMON_BLOCKS = YES;
				GCC_OPTIMIZATION_LEVEL = 0;
				GCC_PREPROCESSOR_DEFINITIONS = (
					"DEBUG=1",
					"$(inherited)",
				);
				GCC_WARN_64_TO_32_BIT_CONVERSION = YES;
				GCC_WARN_ABOUT_RETURN_TYPE = YES_ERROR;
				GCC_WARN_UNDECLARED_SELECTOR = YES;
				GCC_WARN_UNINITIALIZED_AUTOS = YES_AGGRESSIVE;
				GCC_WARN_UNUSED_FUNCTION = YES;
				GCC_WARN_UNUSED_VARIABLE = YES;
				IPHONEOS_DEPLOYMENT_TARGET = 13.6;
				MTL_ENABLE_DEBUG_INFO = INCLUDE_SOURCE;
				MTL_FAST_MATH = YES;
				ONLY_ACTIVE_ARCH = YES;
				SDKROOT = iphoneos;
				SWIFT_ACTIVE_COMPILATION_CONDITIONS = DEBUG;
				SWIFT_OPTIMIZATION_LEVEL = "-Onone";
			};
			name = Debug;
		};
		B7F6570624D9AA9000694B5F /* Release */ = {
			isa = XCBuildConfiguration;
			buildSettings = {
				ALWAYS_SEARCH_USER_PATHS = NO;
				CLANG_ANALYZER_NONNULL = YES;
				CLANG_ANALYZER_NUMBER_OBJECT_CONVERSION = YES_AGGRESSIVE;
				CLANG_CXX_LANGUAGE_STANDARD = "gnu++14";
				CLANG_CXX_LIBRARY = "libc++";
				CLANG_ENABLE_MODULES = YES;
				CLANG_ENABLE_OBJC_ARC = YES;
				CLANG_ENABLE_OBJC_WEAK = YES;
				CLANG_WARN_BLOCK_CAPTURE_AUTORELEASING = YES;
				CLANG_WARN_BOOL_CONVERSION = YES;
				CLANG_WARN_COMMA = YES;
				CLANG_WARN_CONSTANT_CONVERSION = YES;
				CLANG_WARN_DEPRECATED_OBJC_IMPLEMENTATIONS = YES;
				CLANG_WARN_DIRECT_OBJC_ISA_USAGE = YES_ERROR;
				CLANG_WARN_DOCUMENTATION_COMMENTS = YES;
				CLANG_WARN_EMPTY_BODY = YES;
				CLANG_WARN_ENUM_CONVERSION = YES;
				CLANG_WARN_INFINITE_RECURSION = YES;
				CLANG_WARN_INT_CONVERSION = YES;
				CLANG_WARN_NON_LITERAL_NULL_CONVERSION = YES;
				CLANG_WARN_OBJC_IMPLICIT_RETAIN_SELF = YES;
				CLANG_WARN_OBJC_LITERAL_CONVERSION = YES;
				CLANG_WARN_OBJC_ROOT_CLASS = YES_ERROR;
				CLANG_WARN_RANGE_LOOP_ANALYSIS = YES;
				CLANG_WARN_STRICT_PROTOTYPES = YES;
				CLANG_WARN_SUSPICIOUS_MOVE = YES;
				CLANG_WARN_UNGUARDED_AVAILABILITY = YES_AGGRESSIVE;
				CLANG_WARN_UNREACHABLE_CODE = YES;
				CLANG_WARN__DUPLICATE_METHOD_MATCH = YES;
				COPY_PHASE_STRIP = NO;
				DEBUG_INFORMATION_FORMAT = "dwarf-with-dsym";
				ENABLE_NS_ASSERTIONS = NO;
				ENABLE_STRICT_OBJC_MSGSEND = YES;
				GCC_C_LANGUAGE_STANDARD = gnu11;
				GCC_NO_COMMON_BLOCKS = YES;
				GCC_WARN_64_TO_32_BIT_CONVERSION = YES;
				GCC_WARN_ABOUT_RETURN_TYPE = YES_ERROR;
				GCC_WARN_UNDECLARED_SELECTOR = YES;
				GCC_WARN_UNINITIALIZED_AUTOS = YES_AGGRESSIVE;
				GCC_WARN_UNUSED_FUNCTION = YES;
				GCC_WARN_UNUSED_VARIABLE = YES;
				IPHONEOS_DEPLOYMENT_TARGET = 13.6;
				MTL_ENABLE_DEBUG_INFO = NO;
				MTL_FAST_MATH = YES;
				SDKROOT = iphoneos;
				SWIFT_COMPILATION_MODE = wholemodule;
				SWIFT_OPTIMIZATION_LEVEL = "-O";
				VALIDATE_PRODUCT = YES;
			};
			name = Release;
		};
		B7F6570824D9AA9000694B5F /* Debug */ = {
			isa = XCBuildConfiguration;
			buildSettings = {
				ASSETCATALOG_COMPILER_APPICON_NAME = AppIcon;
				CODE_SIGN_STYLE = Automatic;
				DEVELOPMENT_TEAM = 3E9R3592W8;
				INFOPLIST_FILE = TinderLBTA/Info.plist;
				LD_RUNPATH_SEARCH_PATHS = (
					"$(inherited)",
					"@executable_path/Frameworks",
				);
				PRODUCT_BUNDLE_IDENTIFIER = com.rodrigolemos.TinderLBTA;
				PRODUCT_NAME = "$(TARGET_NAME)";
				SWIFT_VERSION = 5.0;
				TARGETED_DEVICE_FAMILY = "1,2";
			};
			name = Debug;
		};
		B7F6570924D9AA9000694B5F /* Release */ = {
			isa = XCBuildConfiguration;
			buildSettings = {
				ASSETCATALOG_COMPILER_APPICON_NAME = AppIcon;
				CODE_SIGN_STYLE = Automatic;
				DEVELOPMENT_TEAM = 3E9R3592W8;
				INFOPLIST_FILE = TinderLBTA/Info.plist;
				LD_RUNPATH_SEARCH_PATHS = (
					"$(inherited)",
					"@executable_path/Frameworks",
				);
				PRODUCT_BUNDLE_IDENTIFIER = com.rodrigolemos.TinderLBTA;
				PRODUCT_NAME = "$(TARGET_NAME)";
				SWIFT_VERSION = 5.0;
				TARGETED_DEVICE_FAMILY = "1,2";
			};
			name = Release;
		};
/* End XCBuildConfiguration section */

/* Begin XCConfigurationList section */
		B7F656EE24D9AA8F00694B5F /* Build configuration list for PBXProject "TinderLBTA" */ = {
			isa = XCConfigurationList;
			buildConfigurations = (
				B7F6570524D9AA9000694B5F /* Debug */,
				B7F6570624D9AA9000694B5F /* Release */,
			);
			defaultConfigurationIsVisible = 0;
			defaultConfigurationName = Release;
		};
		B7F6570724D9AA9000694B5F /* Build configuration list for PBXNativeTarget "TinderLBTA" */ = {
			isa = XCConfigurationList;
			buildConfigurations = (
				B7F6570824D9AA9000694B5F /* Debug */,
				B7F6570924D9AA9000694B5F /* Release */,
			);
			defaultConfigurationIsVisible = 0;
			defaultConfigurationName = Release;
		};
/* End XCConfigurationList section */
	};
	rootObject = B7F656EB24D9AA8F00694B5F /* Project object */;
}
